
Microsoft Visual Studio Solution File, Format Version 11.00
# Visual Studio 2010
Project("{FAE04EC0-301F-11D3-BF4B-00C04F79EFBC}") = "pertemuan2", "Assembly-CSharp.csproj", "{4E6EBCCE-4D4E-08EE-54B6-695F6F44E980}"
EndProject
Project("{FAE04EC0-301F-11D3-BF4B-00C04F79EFBC}") = "pertemuan2", "Assembly-CSharp-Editor.csproj", "{46C385EE-E17A-B56D-FD28-A230DFF17DCE}"
EndProject
Global
	GlobalSection(SolutionConfigurationPlatforms) = preSolution
		Debug|Any CPU = Debug|Any CPU
		Release|Any CPU = Release|Any CPU
	EndGlobalSection
	GlobalSection(ProjectConfigurationPlatforms) = postSolution
		{4E6EBCCE-4D4E-08EE-54B6-695F6F44E980}.Debug|Any CPU.ActiveCfg = Debug|Any CPU
		{4E6EBCCE-4D4E-08EE-54B6-695F6F44E980}.Debug|Any CPU.Build.0 = Debug|Any CPU
		{4E6EBCCE-4D4E-08EE-54B6-695F6F44E980}.Release|Any CPU.ActiveCfg = Release|Any CPU
		{4E6EBCCE-4D4E-08EE-54B6-695F6F44E980}.Release|Any CPU.Build.0 = Release|Any CPU
		{46C385EE-E17A-B56D-FD28-A230DFF17DCE}.Debug|Any CPU.ActiveCfg = Debug|Any CPU
		{46C385EE-E17A-B56D-FD28-A230DFF17DCE}.Debug|Any CPU.Build.0 = Debug|Any CPU
		{46C385EE-E17A-B56D-FD28-A230DFF17DCE}.Release|Any CPU.ActiveCfg = Release|Any CPU
		{46C385EE-E17A-B56D-FD28-A230DFF17DCE}.Release|Any CPU.Build.0 = Release|Any CPU
	EndGlobalSection
	GlobalSection(SolutionProperties) = preSolution
		HideSolutionNode = FALSE
	EndGlobalSection
	GlobalSection(MonoDevelopProperties) = preSolution
		StartupItem = Assembly-CSharp.csproj
	EndGlobalSection
EndGlobal
